
Microsoft Visual Studio Solution File, Format Version 12.00
# Visual Studio Version 17
VisualStudioVersion = 17.11.35327.3
MinimumVisualStudioVersion = 10.0.40219.1
Project("{8BC9CEB8-8B4A-11D0-8D11-00A0C91BC942}") = "Module18_Exercise1", "SSE554_CodingExercises.vcxproj", "{04803E56-199F-41F6-B07D-7BB77B845AE9}"
EndProject
Project("{8BC9CEB8-8B4A-11D0-8D11-00A0C91BC942}") = "Module19_Exercise2", "Module19_Exercise2\Module19_Exercise2.vcxproj", "{B8B47A45-6938-448B-936B-3E6602389CBD}"
EndProject
Project("{8BC9CEB8-8B4A-11D0-8D11-00A0C91BC942}") = "Module19_Exercise1", "Module19_Exercise1\Module19_Exercise1.vcxproj", "{90129413-0748-4AE3-9CB3-AC5A3E26F6A8}"
EndProject
Project("{8BC9CEB8-8B4A-11D0-8D11-00A0C91BC942}") = "Module19_Exercise3", "Module19_Exercise3\Module19_Exercise3.vcxproj", "{55EC8BAD-E692-4417-9ADF-43DF4318E9CA}"
EndProject
Project("{8BC9CEB8-8B4A-11D0-8D11-00A0C91BC942}") = "Module20_Exercise1", "Module20_Exercise1\Module20_Exercise1.vcxproj", "{2CE1BE0E-81CF-4903-803E-092901785235}"
EndProject
Project("{8BC9CEB8-8B4A-11D0-8D11-00A0C91BC942}") = "Module20_Exercise2", "Module20_Exercise2\Module20_Exercise2.vcxproj", "{22B05BA8-3316-4846-8215-EEEB9C0BA2F2}"
EndProject
Global
	GlobalSection(SolutionConfigurationPlatforms) = preSolution
		Debug|x64 = Debug|x64
		Debug|x86 = Debug|x86
		Release|x64 = Release|x64
		Release|x86 = Release|x86
	EndGlobalSection
	GlobalSection(ProjectConfigurationPlatforms) = postSolution
		{04803E56-199F-41F6-B07D-7BB77B845AE9}.Debug|x64.ActiveCfg = Debug|x64
		{04803E56-199F-41F6-B07D-7BB77B845AE9}.Debug|x64.Build.0 = Debug|x64
		{04803E56-199F-41F6-B07D-7BB77B845AE9}.Debug|x86.ActiveCfg = Debug|Win32
		{04803E56-199F-41F6-B07D-7BB77B845AE9}.Debug|x86.Build.0 = Debug|Win32
		{04803E56-199F-41F6-B07D-7BB77B845AE9}.Release|x64.ActiveCfg = Release|x64
		{04803E56-199F-41F6-B07D-7BB77B845AE9}.Release|x64.Build.0 = Release|x64
		{04803E56-199F-41F6-B07D-7BB77B845AE9}.Release|x86.ActiveCfg = Release|Win32
		{04803E56-199F-41F6-B07D-7BB77B845AE9}.Release|x86.Build.0 = Release|Win32
		{B8B47A45-6938-448B-936B-3E6602389CBD}.Debug|x64.ActiveCfg = Debug|x64
		{B8B47A45-6938-448B-936B-3E6602389CBD}.Debug|x64.Build.0 = Debug|x64
		{B8B47A45-6938-448B-936B-3E6602389CBD}.Debug|x86.ActiveCfg = Debug|Win32
		{B8B47A45-6938-448B-936B-3E6602389CBD}.Debug|x86.Build.0 = Debug|Win32
		{B8B47A45-6938-448B-936B-3E6602389CBD}.Release|x64.ActiveCfg = Release|x64
		{B8B47A45-6938-448B-936B-3E6602389CBD}.Release|x64.Build.0 = Release|x64
		{B8B47A45-6938-448B-936B-3E6602389CBD}.Release|x86.ActiveCfg = Release|Win32
		{B8B47A45-6938-448B-936B-3E6602389CBD}.Release|x86.Build.0 = Release|Win32
		{90129413-0748-4AE3-9CB3-AC5A3E26F6A8}.Debug|x64.ActiveCfg = Debug|x64
		{90129413-0748-4AE3-9CB3-AC5A3E26F6A8}.Debug|x64.Build.0 = Debug|x64
		{90129413-0748-4AE3-9CB3-AC5A3E26F6A8}.Debug|x86.ActiveCfg = Debug|Win32
		{90129413-0748-4AE3-9CB3-AC5A3E26F6A8}.Debug|x86.Build.0 = Debug|Win32
		{90129413-0748-4AE3-9CB3-AC5A3E26F6A8}.Release|x64.ActiveCfg = Release|x64
		{90129413-0748-4AE3-9CB3-AC5A3E26F6A8}.Release|x64.Build.0 = Release|x64
		{90129413-0748-4AE3-9CB3-AC5A3E26F6A8}.Release|x86.ActiveCfg = Release|Win32
		{90129413-0748-4AE3-9CB3-AC5A3E26F6A8}.Release|x86.Build.0 = Release|Win32
		{55EC8BAD-E692-4417-9ADF-43DF4318E9CA}.Debug|x64.ActiveCfg = Debug|x64
		{55EC8BAD-E692-4417-9ADF-43DF4318E9CA}.Debug|x64.Build.0 = Debug|x64
		{55EC8BAD-E692-4417-9ADF-43DF4318E9CA}.Debug|x86.ActiveCfg = Debug|Win32
		{55EC8BAD-E692-4417-9ADF-43DF4318E9CA}.Debug|x86.Build.0 = Debug|Win32
		{55EC8BAD-E692-4417-9ADF-43DF4318E9CA}.Release|x64.ActiveCfg = Release|x64
		{55EC8BAD-E692-4417-9ADF-43DF4318E9CA}.Release|x64.Build.0 = Release|x64
		{55EC8BAD-E692-4417-9ADF-43DF4318E9CA}.Release|x86.ActiveCfg = Release|Win32
		{55EC8BAD-E692-4417-9ADF-43DF4318E9CA}.Release|x86.Build.0 = Release|Win32
		{2CE1BE0E-81CF-4903-803E-092901785235}.Debug|x64.ActiveCfg = Debug|x64
		{2CE1BE0E-81CF-4903-803E-092901785235}.Debug|x64.Build.0 = Debug|x64
		{2CE1BE0E-81CF-4903-803E-092901785235}.Debug|x86.ActiveCfg = Debug|Win32
		{2CE1BE0E-81CF-4903-803E-092901785235}.Debug|x86.Build.0 = Debug|Win32
		{2CE1BE0E-81CF-4903-803E-092901785235}.Release|x64.ActiveCfg = Release|x64
		{2CE1BE0E-81CF-4903-803E-092901785235}.Release|x64.Build.0 = Release|x64
		{2CE1BE0E-81CF-4903-803E-092901785235}.Release|x86.ActiveCfg = Release|Win32
		{2CE1BE0E-81CF-4903-803E-092901785235}.Release|x86.Build.0 = Release|Win32
		{22B05BA8-3316-4846-8215-EEEB9C0BA2F2}.Debug|x64.ActiveCfg = Debug|x64
		{22B05BA8-3316-4846-8215-EEEB9C0BA2F2}.Debug|x64.Build.0 = Debug|x64
		{22B05BA8-3316-4846-8215-EEEB9C0BA2F2}.Debug|x86.ActiveCfg = Debug|Win32
		{22B05BA8-3316-4846-8215-EEEB9C0BA2F2}.Debug|x86.Build.0 = Debug|Win32
		{22B05BA8-3316-4846-8215-EEEB9C0BA2F2}.Release|x64.ActiveCfg = Release|x64
		{22B05BA8-3316-4846-8215-EEEB9C0BA2F2}.Release|x64.Build.0 = Release|x64
		{22B05BA8-3316-4846-8215-EEEB9C0BA2F2}.Release|x86.ActiveCfg = Release|Win32
		{22B05BA8-3316-4846-8215-EEEB9C0BA2F2}.Release|x86.Build.0 = Release|Win32
	EndGlobalSection
	GlobalSection(SolutionProperties) = preSolution
		HideSolutionNode = FALSE
	EndGlobalSection
	GlobalSection(ExtensibilityGlobals) = postSolution
		SolutionGuid = {F302D290-09B8-4746-A565-A99D44305177}
	EndGlobalSection
EndGlobal
